
Microsoft Visual Studio Solution File, Format Version 12.00
# Visual Studio Version 16
VisualStudioVersion = 16.0.31321.278
MinimumVisualStudioVersion = 10.0.40219.1
Project("{FAE04EC0-301F-11D3-BF4B-00C04F79EFBC}") = "MVC1", "MVC1\MVC1.csproj", "{84B7AF9E-9DC9-44A2-B113-15EBB5BFD217}"
EndProject
Global
	GlobalSection(SolutionConfigurationPlatforms) = preSolution
		Debug|Any CPU = Debug|Any CPU
		Release|Any CPU = Release|Any CPU
	EndGlobalSection
	GlobalSection(ProjectConfigurationPlatforms) = postSolution
		{84B7AF9E-9DC9-44A2-B113-15EBB5BFD217}.Debug|Any CPU.ActiveCfg = Debug|Any CPU
		{84B7AF9E-9DC9-44A2-B113-15EBB5BFD217}.Debug|Any CPU.Build.0 = Debug|Any CPU
		{84B7AF9E-9DC9-44A2-B113-15EBB5BFD217}.Release|Any CPU.ActiveCfg = Release|Any CPU
		{84B7AF9E-9DC9-44A2-B113-15EBB5BFD217}.Release|Any CPU.Build.0 = Release|Any CPU
	EndGlobalSection
	GlobalSection(SolutionProperties) = preSolution
		HideSolutionNode = FALSE
	EndGlobalSection
	GlobalSection(ExtensibilityGlobals) = postSolution
		SolutionGuid = {EF0D8139-90D7-42FD-8EAC-F0048C7FF23D}
	EndGlobalSection
EndGlobal
